
Microsoft Visual Studio Solution File, Format Version 12.00
# Visual Studio Version 17
VisualStudioVersion = 17.6.33801.468
MinimumVisualStudioVersion = 10.0.40219.1
Project("{2150E333-8FDC-42A3-9474-1A3956D46DE8}") = "Task0", "Task0", "{E7272E5E-F9D3-4F8D-82E9-2A9C66EF3E68}"
EndProject
Project("{FAE04EC0-301F-11D3-BF4B-00C04F79EFBC}") = "Tyuiu.FalinGS.Sprint4.Task0.V22", "Tyuiu.FalinGS.Sprint4.Task0.V22\Tyuiu.FalinGS.Sprint4.Task0.V22.csproj", "{88AFB89D-64C2-4B5B-ADBA-61815F105CED}"
EndProject
Project("{FAE04EC0-301F-11D3-BF4B-00C04F79EFBC}") = "Tyuiu.FalinGS.Sprint4.Task0.V22.Lib", "Tyuiu.FalinGS.Sprint4.Task0.V22.Lib\Tyuiu.FalinGS.Sprint4.Task0.V22.Lib.csproj", "{71F1C1FB-0F9D-4043-87E2-228481582E9E}"
EndProject
Project("{FAE04EC0-301F-11D3-BF4B-00C04F79EFBC}") = "Tyuiu.FalinGS.Sprint4.Task0.V22.Test", "Tyuiu.FalinGS.Sprint4.Task0.V22.Test\Tyuiu.FalinGS.Sprint4.Task0.V22.Test.csproj", "{7C7D5CF9-1C49-4EF6-9C40-0B2E5133192C}"
EndProject
Project("{2150E333-8FDC-42A3-9474-1A3956D46DE8}") = "Task1", "Task1", "{FED9F234-20C7-47E0-8183-1A5608D482D4}"
EndProject
Project("{FAE04EC0-301F-11D3-BF4B-00C04F79EFBC}") = "Tyuiu.FalinGS.Sprint4.Task1.V28", "Tyuiu.FalinGS.Sprint4.Task1.V28\Tyuiu.FalinGS.Sprint4.Task1.V28.csproj", "{74265037-F794-427C-B247-2504E173CBE0}"
EndProject
Project("{FAE04EC0-301F-11D3-BF4B-00C04F79EFBC}") = "Tyuiu.FalinGS.Sprint4.Task1.V28.Lib", "Tyuiu.FalinGS.Sprint4.Task1.V28.Lib\Tyuiu.FalinGS.Sprint4.Task1.V28.Lib.csproj", "{DF7B330F-7813-412C-9C5C-E20D2F462B4C}"
EndProject
Project("{FAE04EC0-301F-11D3-BF4B-00C04F79EFBC}") = "Tyuiu.FalinGS.Sprint4.Task1.V28.Test", "Tyuiu.FalinGS.Sprint4.Task1.V28.Test\Tyuiu.FalinGS.Sprint4.Task1.V28.Test.csproj", "{5AB54C6B-35A8-4F99-B67A-353684BEFD8C}"
EndProject
Project("{2150E333-8FDC-42A3-9474-1A3956D46DE8}") = "Task2", "Task2", "{95AE4380-2688-4438-83E2-BD6CF7F6D403}"
EndProject
Project("{FAE04EC0-301F-11D3-BF4B-00C04F79EFBC}") = "Tyuiu.FalinGS.Sprint4.Task2.V8", "Tyuiu.FalinGS.Sprint4.Task2.V8\Tyuiu.FalinGS.Sprint4.Task2.V8.csproj", "{87B14074-7E5B-46A6-BC21-999D3ABCD44A}"
EndProject
Project("{FAE04EC0-301F-11D3-BF4B-00C04F79EFBC}") = "Tyuiu.FalinGS.Sprint4.Task2.V8.Lib", "Tyuiu.FalinGS.Sprint4.Task2.V8.Lib\Tyuiu.FalinGS.Sprint4.Task2.V8.Lib.csproj", "{DF854A49-C167-43D3-9F27-00B8AF4773F4}"
EndProject
Project("{FAE04EC0-301F-11D3-BF4B-00C04F79EFBC}") = "Tyuiu.FalinGS.Sprint4.Task2.V8.Test", "Tyuiu.FalinGS.Sprint4.Task2.V8.Test\Tyuiu.FalinGS.Sprint4.Task2.V8.Test.csproj", "{CECDE18F-5499-4D02-AF20-3551A8A16702}"
EndProject
Project("{2150E333-8FDC-42A3-9474-1A3956D46DE8}") = "tes", "tes", "{F53475CB-F31B-4C69-83EE-DB239501AFEE}"
EndProject
Project("{FAE04EC0-301F-11D3-BF4B-00C04F79EFBC}") = "ConsoleApp2", "ConsoleApp2\ConsoleApp2.csproj", "{A88C3803-3E96-4C5A-837E-C360CE5C8C8E}"
EndProject
Project("{2150E333-8FDC-42A3-9474-1A3956D46DE8}") = "Task3", "Task3", "{EA2276CE-EE08-4A57-B79D-E293126AE935}"
EndProject
Project("{FAE04EC0-301F-11D3-BF4B-00C04F79EFBC}") = "Tyuiu.FalinGS.Sprint4.Task3.V6", "Tyuiu.FalinGS.Sprint4.Task3.V6\Tyuiu.FalinGS.Sprint4.Task3.V6.csproj", "{8AC2E87C-7907-4D6C-82CA-339E2656A4D1}"
EndProject
Project("{FAE04EC0-301F-11D3-BF4B-00C04F79EFBC}") = "Tyuiu.FalinGS.Sprint4.Task3.V6.Lib", "Tyuiu.FalinGS.Sprint4.Task3.V6.Lib\Tyuiu.FalinGS.Sprint4.Task3.V6.Lib.csproj", "{8EB8F59A-4317-4978-A243-ED34726019EE}"
EndProject
Project("{FAE04EC0-301F-11D3-BF4B-00C04F79EFBC}") = "Tyuiu.FalinGS.Sprint4.Task3.V6.Test", "Tyuiu.FalinGS.Sprint4.Task3.V6.Test\Tyuiu.FalinGS.Sprint4.Task3.V6.Test.csproj", "{7F1AA0B9-EA5E-44FD-ABCC-98A351BB3EA3}"
EndProject
Project("{2150E333-8FDC-42A3-9474-1A3956D46DE8}") = "Task4", "Task4", "{F0881197-23E7-4734-ABDA-463512842A87}"
EndProject
Project("{2150E333-8FDC-42A3-9474-1A3956D46DE8}") = "Task5", "Task5", "{44BA9606-CA32-4E8D-9ABB-70037155A6E2}"
EndProject
Project("{2150E333-8FDC-42A3-9474-1A3956D46DE8}") = "Task6", "Task6", "{F4381DB4-2E95-40DF-8668-F4583C8DDD94}"
EndProject
Project("{2150E333-8FDC-42A3-9474-1A3956D46DE8}") = "Task7", "Task7", "{8C19B8D6-4B54-4733-ADD0-3DDAAB788DAC}"
EndProject
Project("{FAE04EC0-301F-11D3-BF4B-00C04F79EFBC}") = "Tyuiu.FalinGS.Sprint4.Task4.V28", "Tyuiu.FalinGS.Sprint4.Task4.V28\Tyuiu.FalinGS.Sprint4.Task4.V28.csproj", "{2918761C-C0E3-4AED-BDD5-7D7676387F51}"
EndProject
Project("{FAE04EC0-301F-11D3-BF4B-00C04F79EFBC}") = "Tyuiu.FalinGS.Sprint4.Task4.V28.Test", "Tyuiu.FalinGS.Sprint4.Task4.V28.Test\Tyuiu.FalinGS.Sprint4.Task4.V28.Test.csproj", "{C130BE5F-4F17-4522-A7D8-B17F6684C90D}"
EndProject
Project("{FAE04EC0-301F-11D3-BF4B-00C04F79EFBC}") = "Tyuiu.FalinGS.Sprint4.Task4.V28.Lib", "Tyuiu.FalinGS.Sprint4.Task4.V28.Lib\Tyuiu.FalinGS.Sprint4.Task4.V28.Lib.csproj", "{3369131B-2F8F-4906-B72D-D6568DBD07BE}"
EndProject
Project("{FAE04EC0-301F-11D3-BF4B-00C04F79EFBC}") = "Tyuiu.FalinGS.Sprint4.Task5.V20.Lib", "Tyuiu.FalinGS.Sprint4.Task5.V20.Lib\Tyuiu.FalinGS.Sprint4.Task5.V20.Lib.csproj", "{DEB3C1CF-BC28-4527-8010-0B6A07B39D85}"
EndProject
Project("{FAE04EC0-301F-11D3-BF4B-00C04F79EFBC}") = "Tyuiu.FalinGS.Sprint4.Task5.V20.Test", "Tyuiu.FalinGS.Sprint4.Task5.V20.Test\Tyuiu.FalinGS.Sprint4.Task5.V20.Test.csproj", "{5EA98A85-A80C-462F-828D-4D4F0E5C869E}"
EndProject
Project("{FAE04EC0-301F-11D3-BF4B-00C04F79EFBC}") = "Tyuiu.FalinGS.Sprint4.Task5.V20", "Tyuiu.FalinGS.Sprint4.Task5.V20\Tyuiu.FalinGS.Sprint4.Task5.V20.csproj", "{CA5D9B6C-EAD0-4114-A7D1-459867C96AF2}"
EndProject
Project("{FAE04EC0-301F-11D3-BF4B-00C04F79EFBC}") = "Tyuiu.FalinGS.Sprint4.Task6.V26", "Tyuiu.FalinGS.Sprint4.Task6.V26\Tyuiu.FalinGS.Sprint4.Task6.V26.csproj", "{62F28546-67E3-4774-8221-0B970D1C1BF8}"
EndProject
Project("{FAE04EC0-301F-11D3-BF4B-00C04F79EFBC}") = "Tyuiu.FalinGS.Sprint4.Task6.V26.Test", "Tyuiu.FalinGS.Sprint4.Task6.V26.Test\Tyuiu.FalinGS.Sprint4.Task6.V26.Test.csproj", "{37295DC4-3321-4738-AA71-60399BB801EF}"
EndProject
Project("{FAE04EC0-301F-11D3-BF4B-00C04F79EFBC}") = "Tyuiu.FalinGS.Sprint4.Task6.V26.Lib", "Tyuiu.FalinGS.Sprint4.Task6.V26.Lib\Tyuiu.FalinGS.Sprint4.Task6.V26.Lib.csproj", "{4A9CBBAF-14C4-40DF-98D2-178F37C00161}"
EndProject
Project("{FAE04EC0-301F-11D3-BF4B-00C04F79EFBC}") = "Tyuiu.FalinGS.Sprint4.Task7.V27.Lib", "Tyuiu.FalinGS.Sprint4.Task7.V27.Lib\Tyuiu.FalinGS.Sprint4.Task7.V27.Lib.csproj", "{562D6863-D71A-4698-BF71-903CB30A3A8E}"
EndProject
Project("{FAE04EC0-301F-11D3-BF4B-00C04F79EFBC}") = "Tyuiu.FalinGS.Sprint4.Task7.V27.Test", "Tyuiu.FalinGS.Sprint4.Task7.V27.Test\Tyuiu.FalinGS.Sprint4.Task7.V27.Test.csproj", "{FE3B7F20-BA34-4018-A6BA-1C78098E2108}"
EndProject
Project("{FAE04EC0-301F-11D3-BF4B-00C04F79EFBC}") = "Tyuiu.FalinGS.Sprint4.Task7.V27", "Tyuiu.FalinGS.Sprint4.Task7.V27\Tyuiu.FalinGS.Sprint4.Task7.V27.csproj", "{C90A591B-A7B5-4184-88A2-9418F4EA95D4}"
EndProject
Global
	GlobalSection(SolutionConfigurationPlatforms) = preSolution
		Debug|Any CPU = Debug|Any CPU
		Release|Any CPU = Release|Any CPU
	EndGlobalSection
	GlobalSection(ProjectConfigurationPlatforms) = postSolution
		{88AFB89D-64C2-4B5B-ADBA-61815F105CED}.Debug|Any CPU.ActiveCfg = Debug|Any CPU
		{88AFB89D-64C2-4B5B-ADBA-61815F105CED}.Debug|Any CPU.Build.0 = Debug|Any CPU
		{88AFB89D-64C2-4B5B-ADBA-61815F105CED}.Release|Any CPU.ActiveCfg = Release|Any CPU
		{88AFB89D-64C2-4B5B-ADBA-61815F105CED}.Release|Any CPU.Build.0 = Release|Any CPU
		{71F1C1FB-0F9D-4043-87E2-228481582E9E}.Debug|Any CPU.ActiveCfg = Debug|Any CPU
		{71F1C1FB-0F9D-4043-87E2-228481582E9E}.Debug|Any CPU.Build.0 = Debug|Any CPU
		{71F1C1FB-0F9D-4043-87E2-228481582E9E}.Release|Any CPU.ActiveCfg = Release|Any CPU
		{71F1C1FB-0F9D-4043-87E2-228481582E9E}.Release|Any CPU.Build.0 = Release|Any CPU
		{7C7D5CF9-1C49-4EF6-9C40-0B2E5133192C}.Debug|Any CPU.ActiveCfg = Debug|Any CPU
		{7C7D5CF9-1C49-4EF6-9C40-0B2E5133192C}.Debug|Any CPU.Build.0 = Debug|Any CPU
		{7C7D5CF9-1C49-4EF6-9C40-0B2E5133192C}.Release|Any CPU.ActiveCfg = Release|Any CPU
		{7C7D5CF9-1C49-4EF6-9C40-0B2E5133192C}.Release|Any CPU.Build.0 = Release|Any CPU
		{74265037-F794-427C-B247-2504E173CBE0}.Debug|Any CPU.ActiveCfg = Debug|Any CPU
		{74265037-F794-427C-B247-2504E173CBE0}.Debug|Any CPU.Build.0 = Debug|Any CPU
		{74265037-F794-427C-B247-2504E173CBE0}.Release|Any CPU.ActiveCfg = Release|Any CPU
		{74265037-F794-427C-B247-2504E173CBE0}.Release|Any CPU.Build.0 = Release|Any CPU
		{DF7B330F-7813-412C-9C5C-E20D2F462B4C}.Debug|Any CPU.ActiveCfg = Debug|Any CPU
		{DF7B330F-7813-412C-9C5C-E20D2F462B4C}.Debug|Any CPU.Build.0 = Debug|Any CPU
		{DF7B330F-7813-412C-9C5C-E20D2F462B4C}.Release|Any CPU.ActiveCfg = Release|Any CPU
		{DF7B330F-7813-412C-9C5C-E20D2F462B4C}.Release|Any CPU.Build.0 = Release|Any CPU
		{5AB54C6B-35A8-4F99-B67A-353684BEFD8C}.Debug|Any CPU.ActiveCfg = Debug|Any CPU
		{5AB54C6B-35A8-4F99-B67A-353684BEFD8C}.Debug|Any CPU.Build.0 = Debug|Any CPU
		{5AB54C6B-35A8-4F99-B67A-353684BEFD8C}.Release|Any CPU.ActiveCfg = Release|Any CPU
		{5AB54C6B-35A8-4F99-B67A-353684BEFD8C}.Release|Any CPU.Build.0 = Release|Any CPU
		{87B14074-7E5B-46A6-BC21-999D3ABCD44A}.Debug|Any CPU.ActiveCfg = Debug|Any CPU
		{87B14074-7E5B-46A6-BC21-999D3ABCD44A}.Debug|Any CPU.Build.0 = Debug|Any CPU
		{87B14074-7E5B-46A6-BC21-999D3ABCD44A}.Release|Any CPU.ActiveCfg = Release|Any CPU
		{87B14074-7E5B-46A6-BC21-999D3ABCD44A}.Release|Any CPU.Build.0 = Release|Any CPU
		{DF854A49-C167-43D3-9F27-00B8AF4773F4}.Debug|Any CPU.ActiveCfg = Debug|Any CPU
		{DF854A49-C167-43D3-9F27-00B8AF4773F4}.Debug|Any CPU.Build.0 = Debug|Any CPU
		{DF854A49-C167-43D3-9F27-00B8AF4773F4}.Release|Any CPU.ActiveCfg = Release|Any CPU
		{DF854A49-C167-43D3-9F27-00B8AF4773F4}.Release|Any CPU.Build.0 = Release|Any CPU
		{CECDE18F-5499-4D02-AF20-3551A8A16702}.Debug|Any CPU.ActiveCfg = Debug|Any CPU
		{CECDE18F-5499-4D02-AF20-3551A8A16702}.Debug|Any CPU.Build.0 = Debug|Any CPU
		{CECDE18F-5499-4D02-AF20-3551A8A16702}.Release|Any CPU.ActiveCfg = Release|Any CPU
		{CECDE18F-5499-4D02-AF20-3551A8A16702}.Release|Any CPU.Build.0 = Release|Any CPU
		{A88C3803-3E96-4C5A-837E-C360CE5C8C8E}.Debug|Any CPU.ActiveCfg = Debug|Any CPU
		{A88C3803-3E96-4C5A-837E-C360CE5C8C8E}.Debug|Any CPU.Build.0 = Debug|Any CPU
		{A88C3803-3E96-4C5A-837E-C360CE5C8C8E}.Release|Any CPU.ActiveCfg = Release|Any CPU
		{A88C3803-3E96-4C5A-837E-C360CE5C8C8E}.Release|Any CPU.Build.0 = Release|Any CPU
		{8AC2E87C-7907-4D6C-82CA-339E2656A4D1}.Debug|Any CPU.ActiveCfg = Debug|Any CPU
		{8AC2E87C-7907-4D6C-82CA-339E2656A4D1}.Debug|Any CPU.Build.0 = Debug|Any CPU
		{8AC2E87C-7907-4D6C-82CA-339E2656A4D1}.Release|Any CPU.ActiveCfg = Release|Any CPU
		{8AC2E87C-7907-4D6C-82CA-339E2656A4D1}.Release|Any CPU.Build.0 = Release|Any CPU
		{8EB8F59A-4317-4978-A243-ED34726019EE}.Debug|Any CPU.ActiveCfg = Debug|Any CPU
		{8EB8F59A-4317-4978-A243-ED34726019EE}.Debug|Any CPU.Build.0 = Debug|Any CPU
		{8EB8F59A-4317-4978-A243-ED34726019EE}.Release|Any CPU.ActiveCfg = Release|Any CPU
		{8EB8F59A-4317-4978-A243-ED34726019EE}.Release|Any CPU.Build.0 = Release|Any CPU
		{7F1AA0B9-EA5E-44FD-ABCC-98A351BB3EA3}.Debug|Any CPU.ActiveCfg = Debug|Any CPU
		{7F1AA0B9-EA5E-44FD-ABCC-98A351BB3EA3}.Debug|Any CPU.Build.0 = Debug|Any CPU
		{7F1AA0B9-EA5E-44FD-ABCC-98A351BB3EA3}.Release|Any CPU.ActiveCfg = Release|Any CPU
		{7F1AA0B9-EA5E-44FD-ABCC-98A351BB3EA3}.Release|Any CPU.Build.0 = Release|Any CPU
		{2918761C-C0E3-4AED-BDD5-7D7676387F51}.Debug|Any CPU.ActiveCfg = Debug|Any CPU
		{2918761C-C0E3-4AED-BDD5-7D7676387F51}.Debug|Any CPU.Build.0 = Debug|Any CPU
		{2918761C-C0E3-4AED-BDD5-7D7676387F51}.Release|Any CPU.ActiveCfg = Release|Any CPU
		{2918761C-C0E3-4AED-BDD5-7D7676387F51}.Release|Any CPU.Build.0 = Release|Any CPU
		{C130BE5F-4F17-4522-A7D8-B17F6684C90D}.Debug|Any CPU.ActiveCfg = Debug|Any CPU
		{C130BE5F-4F17-4522-A7D8-B17F6684C90D}.Debug|Any CPU.Build.0 = Debug|Any CPU
		{C130BE5F-4F17-4522-A7D8-B17F6684C90D}.Release|Any CPU.ActiveCfg = Release|Any CPU
		{C130BE5F-4F17-4522-A7D8-B17F6684C90D}.Release|Any CPU.Build.0 = Release|Any CPU
		{3369131B-2F8F-4906-B72D-D6568DBD07BE}.Debug|Any CPU.ActiveCfg = Debug|Any CPU
		{3369131B-2F8F-4906-B72D-D6568DBD07BE}.Debug|Any CPU.Build.0 = Debug|Any CPU
		{3369131B-2F8F-4906-B72D-D6568DBD07BE}.Release|Any CPU.ActiveCfg = Release|Any CPU
		{3369131B-2F8F-4906-B72D-D6568DBD07BE}.Release|Any CPU.Build.0 = Release|Any CPU
		{DEB3C1CF-BC28-4527-8010-0B6A07B39D85}.Debug|Any CPU.ActiveCfg = Debug|Any CPU
		{DEB3C1CF-BC28-4527-8010-0B6A07B39D85}.Debug|Any CPU.Build.0 = Debug|Any CPU
		{DEB3C1CF-BC28-4527-8010-0B6A07B39D85}.Release|Any CPU.ActiveCfg = Release|Any CPU
		{DEB3C1CF-BC28-4527-8010-0B6A07B39D85}.Release|Any CPU.Build.0 = Release|Any CPU
		{5EA98A85-A80C-462F-828D-4D4F0E5C869E}.Debug|Any CPU.ActiveCfg = Debug|Any CPU
		{5EA98A85-A80C-462F-828D-4D4F0E5C869E}.Debug|Any CPU.Build.0 = Debug|Any CPU
		{5EA98A85-A80C-462F-828D-4D4F0E5C869E}.Release|Any CPU.ActiveCfg = Release|Any CPU
		{5EA98A85-A80C-462F-828D-4D4F0E5C869E}.Release|Any CPU.Build.0 = Release|Any CPU
		{CA5D9B6C-EAD0-4114-A7D1-459867C96AF2}.Debug|Any CPU.ActiveCfg = Debug|Any CPU
		{CA5D9B6C-EAD0-4114-A7D1-459867C96AF2}.Debug|Any CPU.Build.0 = Debug|Any CPU
		{CA5D9B6C-EAD0-4114-A7D1-459867C96AF2}.Release|Any CPU.ActiveCfg = Release|Any CPU
		{CA5D9B6C-EAD0-4114-A7D1-459867C96AF2}.Release|Any CPU.Build.0 = Release|Any CPU
		{62F28546-67E3-4774-8221-0B970D1C1BF8}.Debug|Any CPU.ActiveCfg = Debug|Any CPU
		{62F28546-67E3-4774-8221-0B970D1C1BF8}.Debug|Any CPU.Build.0 = Debug|Any CPU
		{62F28546-67E3-4774-8221-0B970D1C1BF8}.Release|Any CPU.ActiveCfg = Release|Any CPU
		{62F28546-67E3-4774-8221-0B970D1C1BF8}.Release|Any CPU.Build.0 = Release|Any CPU
		{37295DC4-3321-4738-AA71-60399BB801EF}.Debug|Any CPU.ActiveCfg = Debug|Any CPU
		{37295DC4-3321-4738-AA71-60399BB801EF}.Debug|Any CPU.Build.0 = Debug|Any CPU
		{37295DC4-3321-4738-AA71-60399BB801EF}.Release|Any CPU.ActiveCfg = Release|Any CPU
		{37295DC4-3321-4738-AA71-60399BB801EF}.Release|Any CPU.Build.0 = Release|Any CPU
		{4A9CBBAF-14C4-40DF-98D2-178F37C00161}.Debug|Any CPU.ActiveCfg = Debug|Any CPU
		{4A9CBBAF-14C4-40DF-98D2-178F37C00161}.Debug|Any CPU.Build.0 = Debug|Any CPU
		{4A9CBBAF-14C4-40DF-98D2-178F37C00161}.Release|Any CPU.ActiveCfg = Release|Any CPU
		{4A9CBBAF-14C4-40DF-98D2-178F37C00161}.Release|Any CPU.Build.0 = Release|Any CPU
		{562D6863-D71A-4698-BF71-903CB30A3A8E}.Debug|Any CPU.ActiveCfg = Debug|Any CPU
		{562D6863-D71A-4698-BF71-903CB30A3A8E}.Debug|Any CPU.Build.0 = Debug|Any CPU
		{562D6863-D71A-4698-BF71-903CB30A3A8E}.Release|Any CPU.ActiveCfg = Release|Any CPU
		{562D6863-D71A-4698-BF71-903CB30A3A8E}.Release|Any CPU.Build.0 = Release|Any CPU
		{FE3B7F20-BA34-4018-A6BA-1C78098E2108}.Debug|Any CPU.ActiveCfg = Debug|Any CPU
		{FE3B7F20-BA34-4018-A6BA-1C78098E2108}.Debug|Any CPU.Build.0 = Debug|Any CPU
		{FE3B7F20-BA34-4018-A6BA-1C78098E2108}.Release|Any CPU.ActiveCfg = Release|Any CPU
		{FE3B7F20-BA34-4018-A6BA-1C78098E2108}.Release|Any CPU.Build.0 = Release|Any CPU
		{C90A591B-A7B5-4184-88A2-9418F4EA95D4}.Debug|Any CPU.ActiveCfg = Debug|Any CPU
		{C90A591B-A7B5-4184-88A2-9418F4EA95D4}.Debug|Any CPU.Build.0 = Debug|Any CPU
		{C90A591B-A7B5-4184-88A2-9418F4EA95D4}.Release|Any CPU.ActiveCfg = Release|Any CPU
		{C90A591B-A7B5-4184-88A2-9418F4EA95D4}.Release|Any CPU.Build.0 = Release|Any CPU
	EndGlobalSection
	GlobalSection(SolutionProperties) = preSolution
		HideSolutionNode = FALSE
	EndGlobalSection
	GlobalSection(NestedProjects) = preSolution
		{88AFB89D-64C2-4B5B-ADBA-61815F105CED} = {E7272E5E-F9D3-4F8D-82E9-2A9C66EF3E68}
		{71F1C1FB-0F9D-4043-87E2-228481582E9E} = {E7272E5E-F9D3-4F8D-82E9-2A9C66EF3E68}
		{7C7D5CF9-1C49-4EF6-9C40-0B2E5133192C} = {E7272E5E-F9D3-4F8D-82E9-2A9C66EF3E68}
		{74265037-F794-427C-B247-2504E173CBE0} = {FED9F234-20C7-47E0-8183-1A5608D482D4}
		{DF7B330F-7813-412C-9C5C-E20D2F462B4C} = {FED9F234-20C7-47E0-8183-1A5608D482D4}
		{5AB54C6B-35A8-4F99-B67A-353684BEFD8C} = {FED9F234-20C7-47E0-8183-1A5608D482D4}
		{87B14074-7E5B-46A6-BC21-999D3ABCD44A} = {95AE4380-2688-4438-83E2-BD6CF7F6D403}
		{DF854A49-C167-43D3-9F27-00B8AF4773F4} = {95AE4380-2688-4438-83E2-BD6CF7F6D403}
		{CECDE18F-5499-4D02-AF20-3551A8A16702} = {95AE4380-2688-4438-83E2-BD6CF7F6D403}
		{A88C3803-3E96-4C5A-837E-C360CE5C8C8E} = {F53475CB-F31B-4C69-83EE-DB239501AFEE}
		{8AC2E87C-7907-4D6C-82CA-339E2656A4D1} = {EA2276CE-EE08-4A57-B79D-E293126AE935}
		{8EB8F59A-4317-4978-A243-ED34726019EE} = {EA2276CE-EE08-4A57-B79D-E293126AE935}
		{7F1AA0B9-EA5E-44FD-ABCC-98A351BB3EA3} = {EA2276CE-EE08-4A57-B79D-E293126AE935}
		{2918761C-C0E3-4AED-BDD5-7D7676387F51} = {F0881197-23E7-4734-ABDA-463512842A87}
		{C130BE5F-4F17-4522-A7D8-B17F6684C90D} = {F0881197-23E7-4734-ABDA-463512842A87}
		{3369131B-2F8F-4906-B72D-D6568DBD07BE} = {F0881197-23E7-4734-ABDA-463512842A87}
		{DEB3C1CF-BC28-4527-8010-0B6A07B39D85} = {44BA9606-CA32-4E8D-9ABB-70037155A6E2}
		{5EA98A85-A80C-462F-828D-4D4F0E5C869E} = {44BA9606-CA32-4E8D-9ABB-70037155A6E2}
		{CA5D9B6C-EAD0-4114-A7D1-459867C96AF2} = {44BA9606-CA32-4E8D-9ABB-70037155A6E2}
		{62F28546-67E3-4774-8221-0B970D1C1BF8} = {F4381DB4-2E95-40DF-8668-F4583C8DDD94}
		{37295DC4-3321-4738-AA71-60399BB801EF} = {F4381DB4-2E95-40DF-8668-F4583C8DDD94}
		{4A9CBBAF-14C4-40DF-98D2-178F37C00161} = {F4381DB4-2E95-40DF-8668-F4583C8DDD94}
		{562D6863-D71A-4698-BF71-903CB30A3A8E} = {8C19B8D6-4B54-4733-ADD0-3DDAAB788DAC}
		{FE3B7F20-BA34-4018-A6BA-1C78098E2108} = {8C19B8D6-4B54-4733-ADD0-3DDAAB788DAC}
		{C90A591B-A7B5-4184-88A2-9418F4EA95D4} = {8C19B8D6-4B54-4733-ADD0-3DDAAB788DAC}
	EndGlobalSection
	GlobalSection(ExtensibilityGlobals) = postSolution
		SolutionGuid = {6143EACB-0889-4E8A-9BA4-322901D15A1B}
	EndGlobalSection
EndGlobal
